// !$*UTF8*$!
{
	archiveVersion = 1;
	classes = {
	};
	objectVersion = 52;
	objects = {

/* Begin PBXBuildFile section */
		D0229E5423466C4D00ECBBBF /* AppDelegate.swift in Sources */ = {isa = PBXBuildFile; fileRef = D0229E5323466C4D00ECBBBF /* AppDelegate.swift */; };
		D0229E5623466C4D00ECBBBF /* SceneDelegate.swift in Sources */ = {isa = PBXBuildFile; fileRef = D0229E5523466C4D00ECBBBF /* SceneDelegate.swift */; };
		D0229E5823466C4D00ECBBBF /* ContentView.swift in Sources */ = {isa = PBXBuildFile; fileRef = D0229E5723466C4D00ECBBBF /* ContentView.swift */; };
		D0229E5A23466C4E00ECBBBF /* Assets.xcassets in Resources */ = {isa = PBXBuildFile; fileRef = D0229E5923466C4E00ECBBBF /* Assets.xcassets */; };
		D0229E5D23466C4E00ECBBBF /* Preview Assets.xcassets in Resources */ = {isa = PBXBuildFile; fileRef = D0229E5C23466C4E00ECBBBF /* Preview Assets.xcassets */; };
		D0229E6023466C4E00ECBBBF /* LaunchScreen.storyboard in Resources */ = {isa = PBXBuildFile; fileRef = D0229E5E23466C4E00ECBBBF /* LaunchScreen.storyboard */; };
		D0667D62234A016700F3C11C /* Cards in Frameworks */ = {isa = PBXBuildFile; productRef = D0667D61234A016700F3C11C /* Cards */; };
/* End PBXBuildFile section */

/* Begin PBXFileReference section */
		D0229E5023466C4D00ECBBBF /* BlackjackApp.app */ = {isa = PBXFileReference; explicitFileType = wrapper.application; includeInIndex = 0; path = BlackjackApp.app; sourceTree = BUILT_PRODUCTS_DIR; };
		D0229E5323466C4D00ECBBBF /* AppDelegate.swift */ = {isa = PBXFileReference; lastKnownFileType = sourcecode.swift; path = AppDelegate.swift; sourceTree = "<group>"; };
		D0229E5523466C4D00ECBBBF /* SceneDelegate.swift */ = {isa = PBXFileReference; lastKnownFileType = sourcecode.swift; path = SceneDelegate.swift; sourceTree = "<group>"; };
		D0229E5723466C4D00ECBBBF /* ContentView.swift */ = {isa = PBXFileReference; lastKnownFileType = sourcecode.swift; path = ContentView.swift; sourceTree = "<group>"; };
		D0229E5923466C4E00ECBBBF /* Assets.xcassets */ = {isa = PBXFileReference; lastKnownFileType = folder.assetcatalog; path = Assets.xcassets; sourceTree = "<group>"; };
		D0229E5C23466C4E00ECBBBF /* Preview Assets.xcassets */ = {isa = PBXFileReference; lastKnownFileType = folder.assetcatalog; path = "Preview Assets.xcassets"; sourceTree = "<group>"; };
		D0229E5F23466C4E00ECBBBF /* Base */ = {isa = PBXFileReference; lastKnownFileType = file.storyboard; name = Base; path = Base.lproj/LaunchScreen.storyboard; sourceTree = "<group>"; };
		D0229E6123466C4E00ECBBBF /* Info.plist */ = {isa = PBXFileReference; lastKnownFileType = text.plist.xml; path = Info.plist; sourceTree = "<group>"; };
/* End PBXFileReference section */

/* Begin PBXFrameworksBuildPhase section */
		D0229E4D23466C4D00ECBBBF /* Frameworks */ = {
			isa = PBXFrameworksBuildPhase;
			buildActionMask = 2147483647;
			files = (
				D0667D62234A016700F3C11C /* Cards in Frameworks */,
			);
			runOnlyForDeploymentPostprocessing = 0;
		};
/* End PBXFrameworksBuildPhase section */

/* Begin PBXGroup section */
		D0229E4723466C4D00ECBBBF = {
			isa = PBXGroup;
			children = (
				D0229E5223466C4D00ECBBBF /* BlackjackApp */,
				D0229E5123466C4D00ECBBBF /* Products */,
			);
			sourceTree = "<group>";
		};
		D0229E5123466C4D00ECBBBF /* Products */ = {
			isa = PBXGroup;
			children = (
				D0229E5023466C4D00ECBBBF /* BlackjackApp.app */,
			);
			name = Products;
			sourceTree = "<group>";
		};
		D0229E5223466C4D00ECBBBF /* BlackjackApp */ = {
			isa = PBXGroup;
			children = (
				D0229E5323466C4D00ECBBBF /* AppDelegate.swift */,
				D0229E5523466C4D00ECBBBF /* SceneDelegate.swift */,
				D0229E5723466C4D00ECBBBF /* ContentView.swift */,
				D0229E5923466C4E00ECBBBF /* Assets.xcassets */,
				D0229E5E23466C4E00ECBBBF /* LaunchScreen.storyboard */,
				D0229E6123466C4E00ECBBBF /* Info.plist */,
				D0229E5B23466C4E00ECBBBF /* Preview Content */,
			);
			path = BlackjackApp;
			sourceTree = "<group>";
		};
		D0229E5B23466C4E00ECBBBF /* Preview Content */ = {
			isa = PBXGroup;
			children = (
				D0229E5C23466C4E00ECBBBF /* Preview Assets.xcassets */,
			);
			path = "Preview Content";
			sourceTree = "<group>";
		};
/* End PBXGroup section */

/* Begin PBXNativeTarget section */
		D0229E4F23466C4D00ECBBBF /* BlackjackApp */ = {
			isa = PBXNativeTarget;
			buildConfigurationList = D0229E6423466C4E00ECBBBF /* Build configuration list for PBXNativeTarget "BlackjackApp" */;
			buildPhases = (
				D0229E4C23466C4D00ECBBBF /* Sources */,
				D0229E4D23466C4D00ECBBBF /* Frameworks */,
				D0229E4E23466C4D00ECBBBF /* Resources */,
			);
			buildRules = (
			);
			dependencies = (
			);
			name = BlackjackApp;
			packageProductDependencies = (
				D0667D61234A016700F3C11C /* Cards */,
			);
			productName = BlackjackApp;
			productReference = D0229E5023466C4D00ECBBBF /* BlackjackApp.app */;
			productType = "com.apple.product-type.application";
		};
/* End PBXNativeTarget section */

/* Begin PBXProject section */
		D0229E4823466C4D00ECBBBF /* Project object */ = {
			isa = PBXProject;
			attributes = {
				LastSwiftUpdateCheck = 1100;
				LastUpgradeCheck = 1100;
				ORGANIZATIONNAME = "Crux Solutions";
				TargetAttributes = {
					D0229E4F23466C4D00ECBBBF = {
						CreatedOnToolsVersion = 11.0;
					};
				};
			};
			buildConfigurationList = D0229E4B23466C4D00ECBBBF /* Build configuration list for PBXProject "BlackjackApp" */;
			compatibilityVersion = "Xcode 9.3";
			developmentRegion = en;
			hasScannedForEncodings = 0;
			knownRegions = (
				en,
				Base,
			);
			mainGroup = D0229E4723466C4D00ECBBBF;
			packageReferences = (
				D0667D60234A016600F3C11C /* XCRemoteSwiftPackageReference "cards" */,
			);
			productRefGroup = D0229E5123466C4D00ECBBBF /* Products */;
			projectDirPath = "";
			projectRoot = "";
			targets = (
				D0229E4F23466C4D00ECBBBF /* BlackjackApp */,
			);
		};
/* End PBXProject section */

/* Begin PBXResourcesBuildPhase section */
		D0229E4E23466C4D00ECBBBF /* Resources */ = {
			isa = PBXResourcesBuildPhase;
			buildActionMask = 2147483647;
			files = (
				D0229E6023466C4E00ECBBBF /* LaunchScreen.storyboard in Resources */,
				D0229E5D23466C4E00ECBBBF /* Preview Assets.xcassets in Resources */,
				D0229E5A23466C4E00ECBBBF /* Assets.xcassets in Resources */,
			);
			runOnlyForDeploymentPostprocessing = 0;
		};
/* End PBXResourcesBuildPhase section */

/* Begin PBXSourcesBuildPhase section */
		D0229E4C23466C4D00ECBBBF /* Sources */ = {
			isa = PBXSourcesBuildPhase;
			buildActionMask = 2147483647;
			files = (
				D0229E5423466C4D00ECBBBF /* AppDelegate.swift in Sources */,
				D0229E5623466C4D00ECBBBF /* SceneDelegate.swift in Sources */,
				D0229E5823466C4D00ECBBBF /* ContentView.swift in Sources */,
			);
			runOnlyForDeploymentPostprocessing = 0;
		};
/* End PBXSourcesBuildPhase section */

/* Begin PBXVariantGroup section */
		D0229E5E23466C4E00ECBBBF /* LaunchScreen.storyboard */ = {
			isa = PBXVariantGroup;
			children = (
				D0229E5F23466C4E00ECBBBF /* Base */,
			);
			name = LaunchScreen.storyboard;
			sourceTree = "<group>";
		};
/* End PBXVariantGroup section */

/* Begin XCBuildConfiguration section */
		D0229E6223466C4E00ECBBBF /* Debug */ = {
			isa = XCBuildConfiguration;
			buildSettings = {
				ALWAYS_SEARCH_USER_PATHS = NO;
				CLANG_ANALYZER_NONNULL = YES;
				CLANG_ANALYZER_NUMBER_OBJECT_CONVERSION = YES_AGGRESSIVE;
				CLANG_CXX_LANGUAGE_STANDARD = "gnu++14";
				CLANG_CXX_LIBRARY = "libc++";
				CLANG_ENABLE_MODULES = YES;
				CLANG_ENABLE_OBJC_ARC = YES;
				CLANG_ENABLE_OBJC_WEAK = YES;
				CLANG_WARN_BLOCK_CAPTURE_AUTORELEASING = YES;
				CLANG_WARN_BOOL_CONVERSION = YES;
				CLANG_WARN_COMMA = YES;
				CLANG_WARN_CONSTANT_CONVERSION = YES;
				CLANG_WARN_DEPRECATED_OBJC_IMPLEMENTATIONS = YES;
				CLANG_WARN_DIRECT_OBJC_ISA_USAGE = YES_ERROR;
				CLANG_WARN_DOCUMENTATION_COMMENTS = YES;
				CLANG_WARN_EMPTY_BODY = YES;
				CLANG_WARN_ENUM_CONVERSION = YES;
				CLANG_WARN_INFINITE_RECURSION = YES;
				CLANG_WARN_INT_CONVERSION = YES;
				CLANG_WARN_NON_LITERAL_NULL_CONVERSION = YES;
				CLANG_WARN_OBJC_IMPLICIT_RETAIN_SELF = YES;
				CLANG_WARN_OBJC_LITERAL_CONVERSION = YES;
				CLANG_WARN_OBJC_ROOT_CLASS = YES_ERROR;
				CLANG_WARN_RANGE_LOOP_ANALYSIS = YES;
				CLANG_WARN_STRICT_PROTOTYPES = YES;
				CLANG_WARN_SUSPICIOUS_MOVE = YES;
				CLANG_WARN_UNGUARDED_AVAILABILITY = YES_AGGRESSIVE;
				CLANG_WARN_UNREACHABLE_CODE = YES;
				CLANG_WARN__DUPLICATE_METHOD_MATCH = YES;
				COPY_PHASE_STRIP = NO;
				DEBUG_INFORMATION_FORMAT = dwarf;
				ENABLE_STRICT_OBJC_MSGSEND = YES;
				ENABLE_TESTABILITY = YES;
				GCC_C_LANGUAGE_STANDARD = gnu11;
				GCC_DYNAMIC_NO_PIC = NO;
				GCC_NO_COMMON_BLOCKS = YES;
				GCC_OPTIMIZATION_LEVEL = 0;
				GCC_PREPROCESSOR_DEFINITIONS = (
					"DEBUG=1",
					"$(inherited)",
				);
				GCC_WARN_64_TO_32_BIT_CONVERSION = YES;
				GCC_WARN_ABOUT_RETURN_TYPE = YES_ERROR;
				GCC_WARN_UNDECLARED_SELECTOR = YES;
				GCC_WARN_UNINITIALIZED_AUTOS = YES_AGGRESSIVE;
				GCC_WARN_UNUSED_FUNCTION = YES;
				GCC_WARN_UNUSED_VARIABLE = YES;
				IPHONEOS_DEPLOYMENT_TARGET = 13.0;
				MTL_ENABLE_DEBUG_INFO = INCLUDE_SOURCE;
				MTL_FAST_MATH = YES;
				ONLY_ACTIVE_ARCH = YES;
				SDKROOT = iphoneos;
				SWIFT_ACTIVE_COMPILATION_CONDITIONS = DEBUG;
				SWIFT_OPTIMIZATION_LEVEL = "-Onone";
				SWIFT_VERSION = 5.0;
			};
			name = Debug;
		};
		D0229E6323466C4E00ECBBBF /* Release */ = {
			isa = XCBuildConfiguration;
			buildSettings = {
				ALWAYS_SEARCH_USER_PATHS = NO;
				CLANG_ANALYZER_NONNULL = YES;
				CLANG_ANALYZER_NUMBER_OBJECT_CONVERSION = YES_AGGRESSIVE;
				CLANG_CXX_LANGUAGE_STANDARD = "gnu++14";
				CLANG_CXX_LIBRARY = "libc++";
				CLANG_ENABLE_MODULES = YES;
				CLANG_ENABLE_OBJC_ARC = YES;
				CLANG_ENABLE_OBJC_WEAK = YES;
				CLANG_WARN_BLOCK_CAPTURE_AUTORELEASING = YES;
				CLANG_WARN_BOOL_CONVERSION = YES;
				CLANG_WARN_COMMA = YES;
				CLANG_WARN_CONSTANT_CONVERSION = YES;
				CLANG_WARN_DEPRECATED_OBJC_IMPLEMENTATIONS = YES;
				CLANG_WARN_DIRECT_OBJC_ISA_USAGE = YES_ERROR;
				CLANG_WARN_DOCUMENTATION_COMMENTS = YES;
				CLANG_WARN_EMPTY_BODY = YES;
				CLANG_WARN_ENUM_CONVERSION = YES;
				CLANG_WARN_INFINITE_RECURSION = YES;
				CLANG_WARN_INT_CONVERSION = YES;
				CLANG_WARN_NON_LITERAL_NULL_CONVERSION = YES;
				CLANG_WARN_OBJC_IMPLICIT_RETAIN_SELF = YES;
				CLANG_WARN_OBJC_LITERAL_CONVERSION = YES;
				CLANG_WARN_OBJC_ROOT_CLASS = YES_ERROR;
				CLANG_WARN_RANGE_LOOP_ANALYSIS = YES;
				CLANG_WARN_STRICT_PROTOTYPES = YES;
				CLANG_WARN_SUSPICIOUS_MOVE = YES;
				CLANG_WARN_UNGUARDED_AVAILABILITY = YES_AGGRESSIVE;
				CLANG_WARN_UNREACHABLE_CODE = YES;
				CLANG_WARN__DUPLICATE_METHOD_MATCH = YES;
				COPY_PHASE_STRIP = NO;
				DEBUG_INFORMATION_FORMAT = "dwarf-with-dsym";
				ENABLE_NS_ASSERTIONS = NO;
				ENABLE_STRICT_OBJC_MSGSEND = YES;
				GCC_C_LANGUAGE_STANDARD = gnu11;
				GCC_NO_COMMON_BLOCKS = YES;
				GCC_WARN_64_TO_32_BIT_CONVERSION = YES;
				GCC_WARN_ABOUT_RETURN_TYPE = YES_ERROR;
				GCC_WARN_UNDECLARED_SELECTOR = YES;
				GCC_WARN_UNINITIALIZED_AUTOS = YES_AGGRESSIVE;
				GCC_WARN_UNUSED_FUNCTION = YES;
				GCC_WARN_UNUSED_VARIABLE = YES;
				IPHONEOS_DEPLOYMENT_TARGET = 13.0;
				MTL_ENABLE_DEBUG_INFO = NO;
				MTL_FAST_MATH = YES;
				SDKROOT = iphoneos;
				SWIFT_COMPILATION_MODE = wholemodule;
				SWIFT_OPTIMIZATION_LEVEL = "-O";
				SWIFT_VERSION = 5.0;
				VALIDATE_PRODUCT = YES;
			};
			name = Release;
		};
		D0229E6523466C4E00ECBBBF /* Debug */ = {
			isa = XCBuildConfiguration;
			buildSettings = {
				ASSETCATALOG_COMPILER_APPICON_NAME = AppIcon;
				CODE_SIGN_STYLE = Automatic;
				DEVELOPMENT_ASSET_PATHS = "\"BlackjackApp/Preview Content\"";
				DEVELOPMENT_TEAM = UBBP6JL4K9;
				ENABLE_PREVIEWS = YES;
				INFOPLIST_FILE = BlackjackApp/Info.plist;
				LD_RUNPATH_SEARCH_PATHS = (
					"$(inherited)",
					"@executable_path/Frameworks",
				);
				PRODUCT_BUNDLE_IDENTIFIER = "Crux-Solutions.BlackjackApp";
				PRODUCT_NAME = "$(TARGET_NAME)";
				SWIFT_VERSION = 5.0;
				TARGETED_DEVICE_FAMILY = "1,2";
			};
			name = Debug;
		};
		D0229E6623466C4E00ECBBBF /* Release */ = {
			isa = XCBuildConfiguration;
			buildSettings = {
				ASSETCATALOG_COMPILER_APPICON_NAME = AppIcon;
				CODE_SIGN_STYLE = Automatic;
				DEVELOPMENT_ASSET_PATHS = "\"BlackjackApp/Preview Content\"";
				DEVELOPMENT_TEAM = UBBP6JL4K9;
				ENABLE_PREVIEWS = YES;
				INFOPLIST_FILE = BlackjackApp/Info.plist;
				LD_RUNPATH_SEARCH_PATHS = (
					"$(inherited)",
					"@executable_path/Frameworks",
				);
				PRODUCT_BUNDLE_IDENTIFIER = "Crux-Solutions.BlackjackApp";
				PRODUCT_NAME = "$(TARGET_NAME)";
				SWIFT_VERSION = 5.0;
				TARGETED_DEVICE_FAMILY = "1,2";
			};
			name = Release;
		};
/* End XCBuildConfiguration section */

/* Begin XCConfigurationList section */
		D0229E4B23466C4D00ECBBBF /* Build configuration list for PBXProject "BlackjackApp" */ = {
			isa = XCConfigurationList;
			buildConfigurations = (
				D0229E6223466C4E00ECBBBF /* Debug */,
				D0229E6323466C4E00ECBBBF /* Release */,
			);
			defaultConfigurationIsVisible = 0;
			defaultConfigurationName = Release;
		};
		D0229E6423466C4E00ECBBBF /* Build configuration list for PBXNativeTarget "BlackjackApp" */ = {
			isa = XCConfigurationList;
			buildConfigurations = (
				D0229E6523466C4E00ECBBBF /* Debug */,
				D0229E6623466C4E00ECBBBF /* Release */,
			);
			defaultConfigurationIsVisible = 0;
			defaultConfigurationName = Release;
		};
/* End XCConfigurationList section */

/* Begin XCRemoteSwiftPackageReference section */
		D0667D60234A016600F3C11C /* XCRemoteSwiftPackageReference "cards" */ = {
			isa = XCRemoteSwiftPackageReference;
			repositoryURL = "https://github.com/dziennikp/cards.git";
			requirement = {
				kind = upToNextMajorVersion;
				minimumVersion = 1.1.0;
			};
		};
/* End XCRemoteSwiftPackageReference section */

/* Begin XCSwiftPackageProductDependency section */
		D0667D61234A016700F3C11C /* Cards */ = {
			isa = XCSwiftPackageProductDependency;
			package = D0667D60234A016600F3C11C /* XCRemoteSwiftPackageReference "cards" */;
			productName = Cards;
		};
/* End XCSwiftPackageProductDependency section */
	};
	rootObject = D0229E4823466C4D00ECBBBF /* Project object */;
}
